{
  "originHash" : "3efc96849bd3e2b1063f2ecb15dd1a53972e2e07f2df1a62d2d3b160e2b5dfd6",
  "pins" : [
    {
      "identity" : "swift-docc-plugin",
      "kind" : "remoteSourceControl",
      "location" : "git@github.com:apple/swift-docc-plugin.git",
      "state" : {
        "branch" : "main",
        "revision" : "85e4bb4e1cd62cec64a4b8e769dcefdf0c5b9d64"
      }
    },
    {
      "identity" : "swift-docc-symbolkit",
      "kind" : "remoteSourceControl",
      "location" : "https://github.com/swiftlang/swift-docc-symbolkit",
      "state" : {
        "revision" : "b45d1f2ed151d057b54504d653e0da5552844e34",
        "version" : "1.0.0"
      }
    }
  ],
  "version" : 3
}
